// !$*UTF8*$!
{
	archiveVersion = 1;
	classes = {
	};
	objectVersion = 46;
	objects = {

/* Begin PBXBuildFile section */
		57DD58561AB852BB00F4B626 /* AppDelegate.swift in Sources */ = {isa = PBXBuildFile; fileRef = 57DD58551AB852BB00F4B626 /* AppDelegate.swift */; };
		57DD58581AB852BB00F4B626 /* ViewController.swift in Sources */ = {isa = PBXBuildFile; fileRef = 57DD58571AB852BB00F4B626 /* ViewController.swift */; };
		57DD585B1AB852BC00F4B626 /* Main.storyboard in Resources */ = {isa = PBXBuildFile; fileRef = 57DD58591AB852BC00F4B626 /* Main.storyboard */; };
		57DD585D1AB852BC00F4B626 /* Images.xcassets in Resources */ = {isa = PBXBuildFile; fileRef = 57DD585C1AB852BC00F4B626 /* Images.xcassets */; };
		57DD58601AB852BC00F4B626 /* LaunchScreen.xib in Resources */ = {isa = PBXBuildFile; fileRef = 57DD585E1AB852BC00F4B626 /* LaunchScreen.xib */; };
		57DD586C1AB852BC00F4B626 /* GoogleMapTutorialTests.swift in Sources */ = {isa = PBXBuildFile; fileRef = 57DD586B1AB852BC00F4B626 /* GoogleMapTutorialTests.swift */; };
/* End PBXBuildFile section */

/* Begin PBXContainerItemProxy section */
		57DD58661AB852BC00F4B626 /* PBXContainerItemProxy */ = {
			isa = PBXContainerItemProxy;
			containerPortal = 57DD58481AB852BB00F4B626 /* Project object */;
			proxyType = 1;
			remoteGlobalIDString = 57DD584F1AB852BB00F4B626;
			remoteInfo = GoogleMapTutorial;
		};
/* End PBXContainerItemProxy section */

/* Begin PBXFileReference section */
		57DD58501AB852BB00F4B626 /* GoogleMapTutorial.app */ = {isa = PBXFileReference; explicitFileType = wrapper.application; includeInIndex = 0; path = GoogleMapTutorial.app; sourceTree = BUILT_PRODUCTS_DIR; };
		57DD58541AB852BB00F4B626 /* Info.plist */ = {isa = PBXFileReference; lastKnownFileType = text.plist.xml; path = Info.plist; sourceTree = "<group>"; };
		57DD58551AB852BB00F4B626 /* AppDelegate.swift */ = {isa = PBXFileReference; lastKnownFileType = sourcecode.swift; path = AppDelegate.swift; sourceTree = "<group>"; };
		57DD58571AB852BB00F4B626 /* ViewController.swift */ = {isa = PBXFileReference; lastKnownFileType = sourcecode.swift; path = ViewController.swift; sourceTree = "<group>"; };
		57DD585A1AB852BC00F4B626 /* Base */ = {isa = PBXFileReference; lastKnownFileType = file.storyboard; name = Base; path = Base.lproj/Main.storyboard; sourceTree = "<group>"; };
		57DD585C1AB852BC00F4B626 /* Images.xcassets */ = {isa = PBXFileReference; lastKnownFileType = folder.assetcatalog; path = Images.xcassets; sourceTree = "<group>"; };
		57DD585F1AB852BC00F4B626 /* Base */ = {isa = PBXFileReference; lastKnownFileType = file.xib; name = Base; path = Base.lproj/LaunchScreen.xib; sourceTree = "<group>"; };
		57DD58651AB852BC00F4B626 /* GoogleMapTutorialTests.xctest */ = {isa = PBXFileReference; explicitFileType = wrapper.cfbundle; includeInIndex = 0; path = GoogleMapTutorialTests.xctest; sourceTree = BUILT_PRODUCTS_DIR; };
		57DD586A1AB852BC00F4B626 /* Info.plist */ = {isa = PBXFileReference; lastKnownFileType = text.plist.xml; path = Info.plist; sourceTree = "<group>"; };
		57DD586B1AB852BC00F4B626 /* GoogleMapTutorialTests.swift */ = {isa = PBXFileReference; lastKnownFileType = sourcecode.swift; path = GoogleMapTutorialTests.swift; sourceTree = "<group>"; };
/* End PBXFileReference section */

/* Begin PBXFrameworksBuildPhase section */
		57DD584D1AB852BB00F4B626 /* Frameworks */ = {
			isa = PBXFrameworksBuildPhase;
			buildActionMask = 2147483647;
			files = (
			);
			runOnlyForDeploymentPostprocessing = 0;
		};
		57DD58621AB852BC00F4B626 /* Frameworks */ = {
			isa = PBXFrameworksBuildPhase;
			buildActionMask = 2147483647;
			files = (
			);
			runOnlyForDeploymentPostprocessing = 0;
		};
/* End PBXFrameworksBuildPhase section */

/* Begin PBXGroup section */
		57DD58471AB852BB00F4B626 = {
			isa = PBXGroup;
			children = (
				57DD58521AB852BB00F4B626 /* GoogleMapTutorial */,
				57DD58681AB852BC00F4B626 /* GoogleMapTutorialTests */,
				57DD58511AB852BB00F4B626 /* Products */,
			);
			sourceTree = "<group>";
		};
		57DD58511AB852BB00F4B626 /* Products */ = {
			isa = PBXGroup;
			children = (
				57DD58501AB852BB00F4B626 /* GoogleMapTutorial.app */,
				57DD58651AB852BC00F4B626 /* GoogleMapTutorialTests.xctest */,
			);
			name = Products;
			sourceTree = "<group>";
		};
		57DD58521AB852BB00F4B626 /* GoogleMapTutorial */ = {
			isa = PBXGroup;
			children = (
				57DD58551AB852BB00F4B626 /* AppDelegate.swift */,
				57DD58571AB852BB00F4B626 /* ViewController.swift */,
				57DD58591AB852BC00F4B626 /* Main.storyboard */,
				57DD585C1AB852BC00F4B626 /* Images.xcassets */,
				57DD585E1AB852BC00F4B626 /* LaunchScreen.xib */,
				57DD58531AB852BB00F4B626 /* Supporting Files */,
			);
			path = GoogleMapTutorial;
			sourceTree = "<group>";
		};
		57DD58531AB852BB00F4B626 /* Supporting Files */ = {
			isa = PBXGroup;
			children = (
				57DD58541AB852BB00F4B626 /* Info.plist */,
			);
			name = "Supporting Files";
			sourceTree = "<group>";
		};
		57DD58681AB852BC00F4B626 /* GoogleMapTutorialTests */ = {
			isa = PBXGroup;
			children = (
				57DD586B1AB852BC00F4B626 /* GoogleMapTutorialTests.swift */,
				57DD58691AB852BC00F4B626 /* Supporting Files */,
			);
			path = GoogleMapTutorialTests;
			sourceTree = "<group>";
		};
		57DD58691AB852BC00F4B626 /* Supporting Files */ = {
			isa = PBXGroup;
			children = (
				57DD586A1AB852BC00F4B626 /* Info.plist */,
			);
			name = "Supporting Files";
			sourceTree = "<group>";
		};
/* End PBXGroup section */

/* Begin PBXNativeTarget section */
		57DD584F1AB852BB00F4B626 /* GoogleMapTutorial */ = {
			isa = PBXNativeTarget;
			buildConfigurationList = 57DD586F1AB852BC00F4B626 /* Build configuration list for PBXNativeTarget "GoogleMapTutorial" */;
			buildPhases = (
				57DD584C1AB852BB00F4B626 /* Sources */,
				57DD584D1AB852BB00F4B626 /* Frameworks */,
				57DD584E1AB852BB00F4B626 /* Resources */,
			);
			buildRules = (
			);
			dependencies = (
			);
			name = GoogleMapTutorial;
			productName = GoogleMapTutorial;
			productReference = 57DD58501AB852BB00F4B626 /* GoogleMapTutorial.app */;
			productType = "com.apple.product-type.application";
		};
		57DD58641AB852BC00F4B626 /* GoogleMapTutorialTests */ = {
			isa = PBXNativeTarget;
			buildConfigurationList = 57DD58721AB852BC00F4B626 /* Build configuration list for PBXNativeTarget "GoogleMapTutorialTests" */;
			buildPhases = (
				57DD58611AB852BC00F4B626 /* Sources */,
				57DD58621AB852BC00F4B626 /* Frameworks */,
				57DD58631AB852BC00F4B626 /* Resources */,
			);
			buildRules = (
			);
			dependencies = (
				57DD58671AB852BC00F4B626 /* PBXTargetDependency */,
			);
			name = GoogleMapTutorialTests;
			productName = GoogleMapTutorialTests;
			productReference = 57DD58651AB852BC00F4B626 /* GoogleMapTutorialTests.xctest */;
			productType = "com.apple.product-type.bundle.unit-test";
		};
/* End PBXNativeTarget section */

/* Begin PBXProject section */
		57DD58481AB852BB00F4B626 /* Project object */ = {
			isa = PBXProject;
			attributes = {
				LastUpgradeCheck = 0620;
				ORGANIZATIONNAME = lostin;
				TargetAttributes = {
					57DD584F1AB852BB00F4B626 = {
						CreatedOnToolsVersion = 6.2;
					};
					57DD58641AB852BC00F4B626 = {
						CreatedOnToolsVersion = 6.2;
						TestTargetID = 57DD584F1AB852BB00F4B626;
					};
				};
			};
			buildConfigurationList = 57DD584B1AB852BB00F4B626 /* Build configuration list for PBXProject "GoogleMapTutorial" */;
			compatibilityVersion = "Xcode 3.2";
			developmentRegion = English;
			hasScannedForEncodings = 0;
			knownRegions = (
				en,
				Base,
			);
			mainGroup = 57DD58471AB852BB00F4B626;
			productRefGroup = 57DD58511AB852BB00F4B626 /* Products */;
			projectDirPath = "";
			projectRoot = "";
			targets = (
				57DD584F1AB852BB00F4B626 /* GoogleMapTutorial */,
				57DD58641AB852BC00F4B626 /* GoogleMapTutorialTests */,
			);
		};
/* End PBXProject section */

/* Begin PBXResourcesBuildPhase section */
		57DD584E1AB852BB00F4B626 /* Resources */ = {
			isa = PBXResourcesBuildPhase;
			buildActionMask = 2147483647;
			files = (
				57DD585B1AB852BC00F4B626 /* Main.storyboard in Resources */,
				57DD58601AB852BC00F4B626 /* LaunchScreen.xib in Resources */,
				57DD585D1AB852BC00F4B626 /* Images.xcassets in Resources */,
			);
			runOnlyForDeploymentPostprocessing = 0;
		};
		57DD58631AB852BC00F4B626 /* Resources */ = {
			isa = PBXResourcesBuildPhase;
			buildActionMask = 2147483647;
			files = (
			);
			runOnlyForDeploymentPostprocessing = 0;
		};
/* End PBXResourcesBuildPhase section */

/* Begin PBXSourcesBuildPhase section */
		57DD584C1AB852BB00F4B626 /* Sources */ = {
			isa = PBXSourcesBuildPhase;
			buildActionMask = 2147483647;
			files = (
				57DD58581AB852BB00F4B626 /* ViewController.swift in Sources */,
				57DD58561AB852BB00F4B626 /* AppDelegate.swift in Sources */,
			);
			runOnlyForDeploymentPostprocessing = 0;
		};
		57DD58611AB852BC00F4B626 /* Sources */ = {
			isa = PBXSourcesBuildPhase;
			buildActionMask = 2147483647;
			files = (
				57DD586C1AB852BC00F4B626 /* GoogleMapTutorialTests.swift in Sources */,
			);
			runOnlyForDeploymentPostprocessing = 0;
		};
/* End PBXSourcesBuildPhase section */

/* Begin PBXTargetDependency section */
		57DD58671AB852BC00F4B626 /* PBXTargetDependency */ = {
			isa = PBXTargetDependency;
			target = 57DD584F1AB852BB00F4B626 /* GoogleMapTutorial */;
			targetProxy = 57DD58661AB852BC00F4B626 /* PBXContainerItemProxy */;
		};
/* End PBXTargetDependency section */

/* Begin PBXVariantGroup section */
		57DD58591AB852BC00F4B626 /* Main.storyboard */ = {
			isa = PBXVariantGroup;
			children = (
				57DD585A1AB852BC00F4B626 /* Base */,
			);
			name = Main.storyboard;
			sourceTree = "<group>";
		};
		57DD585E1AB852BC00F4B626 /* LaunchScreen.xib */ = {
			isa = PBXVariantGroup;
			children = (
				57DD585F1AB852BC00F4B626 /* Base */,
			);
			name = LaunchScreen.xib;
			sourceTree = "<group>";
		};
/* End PBXVariantGroup section */

/* Begin XCBuildConfiguration section */
		57DD586D1AB852BC00F4B626 /* Debug */ = {
			isa = XCBuildConfiguration;
			buildSettings = {
				ALWAYS_SEARCH_USER_PATHS = NO;
				CLANG_CXX_LANGUAGE_STANDARD = "gnu++0x";
				CLANG_CXX_LIBRARY = "libc++";
				CLANG_ENABLE_MODULES = YES;
				CLANG_ENABLE_OBJC_ARC = YES;
				CLANG_WARN_BOOL_CONVERSION = YES;
				CLANG_WARN_CONSTANT_CONVERSION = YES;
				CLANG_WARN_DIRECT_OBJC_ISA_USAGE = YES_ERROR;
				CLANG_WARN_EMPTY_BODY = YES;
				CLANG_WARN_ENUM_CONVERSION = YES;
				CLANG_WARN_INT_CONVERSION = YES;
				CLANG_WARN_OBJC_ROOT_CLASS = YES_ERROR;
				CLANG_WARN_UNREACHABLE_CODE = YES;
				CLANG_WARN__DUPLICATE_METHOD_MATCH = YES;
				"CODE_SIGN_IDENTITY[sdk=iphoneos*]" = "iPhone Developer";
				COPY_PHASE_STRIP = NO;
				ENABLE_STRICT_OBJC_MSGSEND = YES;
				GCC_C_LANGUAGE_STANDARD = gnu99;
				GCC_DYNAMIC_NO_PIC = NO;
				GCC_OPTIMIZATION_LEVEL = 0;
				GCC_PREPROCESSOR_DEFINITIONS = (
					"DEBUG=1",
					"$(inherited)",
				);
				GCC_SYMBOLS_PRIVATE_EXTERN = NO;
				GCC_WARN_64_TO_32_BIT_CONVERSION = YES;
				GCC_WARN_ABOUT_RETURN_TYPE = YES_ERROR;
				GCC_WARN_UNDECLARED_SELECTOR = YES;
				GCC_WARN_UNINITIALIZED_AUTOS = YES_AGGRESSIVE;
				GCC_WARN_UNUSED_FUNCTION = YES;
				GCC_WARN_UNUSED_VARIABLE = YES;
				IPHONEOS_DEPLOYMENT_TARGET = 8.2;
				MTL_ENABLE_DEBUG_INFO = YES;
				ONLY_ACTIVE_ARCH = YES;
				SDKROOT = iphoneos;
				SWIFT_OPTIMIZATION_LEVEL = "-Onone";
				TARGETED_DEVICE_FAMILY = "1,2";
			};
			name = Debug;
		};
		57DD586E1AB852BC00F4B626 /* Release */ = {
			isa = XCBuildConfiguration;
			buildSettings = {
				ALWAYS_SEARCH_USER_PATHS = NO;
				CLANG_CXX_LANGUAGE_STANDARD = "gnu++0x";
				CLANG_CXX_LIBRARY = "libc++";
				CLANG_ENABLE_MODULES = YES;
				CLANG_ENABLE_OBJC_ARC = YES;
				CLANG_WARN_BOOL_CONVERSION = YES;
				CLANG_WARN_CONSTANT_CONVERSION = YES;
				CLANG_WARN_DIRECT_OBJC_ISA_USAGE = YES_ERROR;
				CLANG_WARN_EMPTY_BODY = YES;
				CLANG_WARN_ENUM_CONVERSION = YES;
				CLANG_WARN_INT_CONVERSION = YES;
				CLANG_WARN_OBJC_ROOT_CLASS = YES_ERROR;
				CLANG_WARN_UNREACHABLE_CODE = YES;
				CLANG_WARN__DUPLICATE_METHOD_MATCH = YES;
				"CODE_SIGN_IDENTITY[sdk=iphoneos*]" = "iPhone Developer";
				COPY_PHASE_STRIP = NO;
				ENABLE_NS_ASSERTIONS = NO;
				ENABLE_STRICT_OBJC_MSGSEND = YES;
				GCC_C_LANGUAGE_STANDARD = gnu99;
				GCC_WARN_64_TO_32_BIT_CONVERSION = YES;
				GCC_WARN_ABOUT_RETURN_TYPE = YES_ERROR;
				GCC_WARN_UNDECLARED_SELECTOR = YES;
				GCC_WARN_UNINITIALIZED_AUTOS = YES_AGGRESSIVE;
				GCC_WARN_UNUSED_FUNCTION = YES;
				GCC_WARN_UNUSED_VARIABLE = YES;
				IPHONEOS_DEPLOYMENT_TARGET = 8.2;
				MTL_ENABLE_DEBUG_INFO = NO;
				SDKROOT = iphoneos;
				TARGETED_DEVICE_FAMILY = "1,2";
				VALIDATE_PRODUCT = YES;
			};
			name = Release;
		};
		57DD58701AB852BC00F4B626 /* Debug */ = {
			isa = XCBuildConfiguration;
			buildSettings = {
				ASSETCATALOG_COMPILER_APPICON_NAME = AppIcon;
				INFOPLIST_FILE = GoogleMapTutorial/Info.plist;
				LD_RUNPATH_SEARCH_PATHS = "$(inherited) @executable_path/Frameworks";
				PRODUCT_NAME = "$(TARGET_NAME)";
			};
			name = Debug;
		};
		57DD58711AB852BC00F4B626 /* Release */ = {
			isa = XCBuildConfiguration;
			buildSettings = {
				ASSETCATALOG_COMPILER_APPICON_NAME = AppIcon;
				INFOPLIST_FILE = GoogleMapTutorial/Info.plist;
				LD_RUNPATH_SEARCH_PATHS = "$(inherited) @executable_path/Frameworks";
				PRODUCT_NAME = "$(TARGET_NAME)";
			};
			name = Release;
		};
		57DD58731AB852BC00F4B626 /* Debug */ = {
			isa = XCBuildConfiguration;
			buildSettings = {
				BUNDLE_LOADER = "$(TEST_HOST)";
				FRAMEWORK_SEARCH_PATHS = (
					"$(SDKROOT)/Developer/Library/Frameworks",
					"$(inherited)",
				);
				GCC_PREPROCESSOR_DEFINITIONS = (
					"DEBUG=1",
					"$(inherited)",
				);
				INFOPLIST_FILE = GoogleMapTutorialTests/Info.plist;
				LD_RUNPATH_SEARCH_PATHS = "$(inherited) @executable_path/Frameworks @loader_path/Frameworks";
				PRODUCT_NAME = "$(TARGET_NAME)";
				TEST_HOST = "$(BUILT_PRODUCTS_DIR)/GoogleMapTutorial.app/GoogleMapTutorial";
			};
			name = Debug;
		};
		57DD58741AB852BC00F4B626 /* Release */ = {
			isa = XCBuildConfiguration;
			buildSettings = {
				BUNDLE_LOADER = "$(TEST_HOST)";
				FRAMEWORK_SEARCH_PATHS = (
					"$(SDKROOT)/Developer/Library/Frameworks",
					"$(inherited)",
				);
				INFOPLIST_FILE = GoogleMapTutorialTests/Info.plist;
				LD_RUNPATH_SEARCH_PATHS = "$(inherited) @executable_path/Frameworks @loader_path/Frameworks";
				PRODUCT_NAME = "$(TARGET_NAME)";
				TEST_HOST = "$(BUILT_PRODUCTS_DIR)/GoogleMapTutorial.app/GoogleMapTutorial";
			};
			name = Release;
		};
/* End XCBuildConfiguration section */

/* Begin XCConfigurationList section */
		57DD584B1AB852BB00F4B626 /* Build configuration list for PBXProject "GoogleMapTutorial" */ = {
			isa = XCConfigurationList;
			buildConfigurations = (
				57DD586D1AB852BC00F4B626 /* Debug */,
				57DD586E1AB852BC00F4B626 /* Release */,
			);
			defaultConfigurationIsVisible = 0;
			defaultConfigurationName = Release;
		};
		57DD586F1AB852BC00F4B626 /* Build configuration list for PBXNativeTarget "GoogleMapTutorial" */ = {
			isa = XCConfigurationList;
			buildConfigurations = (
				57DD58701AB852BC00F4B626 /* Debug */,
				57DD58711AB852BC00F4B626 /* Release */,
			);
			defaultConfigurationIsVisible = 0;
		};
		57DD58721AB852BC00F4B626 /* Build configuration list for PBXNativeTarget "GoogleMapTutorialTests" */ = {
			isa = XCConfigurationList;
			buildConfigurations = (
				57DD58731AB852BC00F4B626 /* Debug */,
				57DD58741AB852BC00F4B626 /* Release */,
			);
			defaultConfigurationIsVisible = 0;
		};
/* End XCConfigurationList section */
	};
	rootObject = 57DD58481AB852BB00F4B626 /* Project object */;
}
